
Microsoft Visual Studio Solution File, Format Version 12.00
# Visual Studio Version 17
VisualStudioVersion = 17.11.35222.181
MinimumVisualStudioVersion = 10.0.40219.1
Project("{FAE04EC0-301F-11D3-BF4B-00C04F79EFBC}") = "OutseraApiTest", "OutseraApiTest.csproj", "{65BF1D68-F8B8-41B3-8096-6E68119D1CA0}"
EndProject
Global
	GlobalSection(SolutionConfigurationPlatforms) = preSolution
		Debug|Any CPU = Debug|Any CPU
		Release|Any CPU = Release|Any CPU
	EndGlobalSection
	GlobalSection(ProjectConfigurationPlatforms) = postSolution
		{65BF1D68-F8B8-41B3-8096-6E68119D1CA0}.Debug|Any CPU.ActiveCfg = Debug|Any CPU
		{65BF1D68-F8B8-41B3-8096-6E68119D1CA0}.Debug|Any CPU.Build.0 = Debug|Any CPU
		{65BF1D68-F8B8-41B3-8096-6E68119D1CA0}.Release|Any CPU.ActiveCfg = Release|Any CPU
		{65BF1D68-F8B8-41B3-8096-6E68119D1CA0}.Release|Any CPU.Build.0 = Release|Any CPU
	EndGlobalSection
	GlobalSection(SolutionProperties) = preSolution
		HideSolutionNode = FALSE
	EndGlobalSection
	GlobalSection(ExtensibilityGlobals) = postSolution
		SolutionGuid = {6AF3508A-FA57-4159-88E9-D9FFAD02C140}
	EndGlobalSection
EndGlobal
